
Microsoft Visual Studio Solution File, Format Version 12.00
# Visual Studio 15
VisualStudioVersion = 15.0.28307.1022
MinimumVisualStudioVersion = 10.0.40219.1
Project("{8BC9CEB8-8B4A-11D0-8D11-00A0C91BC942}") = "trabajo info", "trabajo info\trabajo info.vcxproj", "{B7BCE532-7A64-450C-9C4B-093EB1142BAB}"
EndProject
Global
	GlobalSection(SolutionConfigurationPlatforms) = preSolution
		Debug|x64 = Debug|x64
		Debug|x86 = Debug|x86
		Release|x64 = Release|x64
		Release|x86 = Release|x86
	EndGlobalSection
	GlobalSection(ProjectConfigurationPlatforms) = postSolution
		{B7BCE532-7A64-450C-9C4B-093EB1142BAB}.Debug|x64.ActiveCfg = Debug|x64
		{B7BCE532-7A64-450C-9C4B-093EB1142BAB}.Debug|x64.Build.0 = Debug|x64
		{B7BCE532-7A64-450C-9C4B-093EB1142BAB}.Debug|x86.ActiveCfg = Debug|Win32
		{B7BCE532-7A64-450C-9C4B-093EB1142BAB}.Debug|x86.Build.0 = Debug|Win32
		{B7BCE532-7A64-450C-9C4B-093EB1142BAB}.Release|x64.ActiveCfg = Release|x64
		{B7BCE532-7A64-450C-9C4B-093EB1142BAB}.Release|x64.Build.0 = Release|x64
		{B7BCE532-7A64-450C-9C4B-093EB1142BAB}.Release|x86.ActiveCfg = Release|Win32
		{B7BCE532-7A64-450C-9C4B-093EB1142BAB}.Release|x86.Build.0 = Release|Win32
	EndGlobalSection
	GlobalSection(SolutionProperties) = preSolution
		HideSolutionNode = FALSE
	EndGlobalSection
	GlobalSection(ExtensibilityGlobals) = postSolution
		SolutionGuid = {AFB5C642-9281-48C2-9A81-5663DD871170}
	EndGlobalSection
EndGlobal
